
Microsoft Visual Studio Solution File, Format Version 12.00
# Visual Studio Version 17
VisualStudioVersion = 17.6.33815.320
MinimumVisualStudioVersion = 10.0.40219.1
Project("{8BC9CEB8-8B4A-11D0-8D11-00A0C91BC942}") = "ConsoleApplication3", "ConsoleApplication3.vcxproj", "{17748101-4646-4F29-96E5-385853F848EE}"
EndProject
Global
	GlobalSection(SolutionConfigurationPlatforms) = preSolution
		Debug|x64 = Debug|x64
		Debug|x86 = Debug|x86
		Release|x64 = Release|x64
		Release|x86 = Release|x86
	EndGlobalSection
	GlobalSection(ProjectConfigurationPlatforms) = postSolution
		{17748101-4646-4F29-96E5-385853F848EE}.Debug|x64.ActiveCfg = Debug|x64
		{17748101-4646-4F29-96E5-385853F848EE}.Debug|x64.Build.0 = Debug|x64
		{17748101-4646-4F29-96E5-385853F848EE}.Debug|x86.ActiveCfg = Debug|Win32
		{17748101-4646-4F29-96E5-385853F848EE}.Debug|x86.Build.0 = Debug|Win32
		{17748101-4646-4F29-96E5-385853F848EE}.Release|x64.ActiveCfg = Release|x64
		{17748101-4646-4F29-96E5-385853F848EE}.Release|x64.Build.0 = Release|x64
		{17748101-4646-4F29-96E5-385853F848EE}.Release|x86.ActiveCfg = Release|Win32
		{17748101-4646-4F29-96E5-385853F848EE}.Release|x86.Build.0 = Release|Win32
	EndGlobalSection
	GlobalSection(SolutionProperties) = preSolution
		HideSolutionNode = FALSE
	EndGlobalSection
	GlobalSection(ExtensibilityGlobals) = postSolution
		SolutionGuid = {234B44C4-6EE8-4836-893B-ED97E708BD14}
	EndGlobalSection
EndGlobal
